// !$*UTF8*$!
{
	archiveVersion = 1;
	classes = {
	};
	objectVersion = 55;
	objects = {

/* Begin PBXBuildFile section */
		26268D73282D312B00C69A38 /* main.swift in Sources */ = {isa = PBXBuildFile; fileRef = 26268D72282D312B00C69A38 /* main.swift */; };
/* End PBXBuildFile section */

/* Begin PBXCopyFilesBuildPhase section */
		261BD6CD2829593E00661F63 /* CopyFiles */ = {
			isa = PBXCopyFilesBuildPhase;
			buildActionMask = 2147483647;
			dstPath = /usr/share/man/man1/;
			dstSubfolderSpec = 0;
			files = (
			);
			runOnlyForDeploymentPostprocessing = 1;
		};
/* End PBXCopyFilesBuildPhase section */

/* Begin PBXFileReference section */
		261BD6CF2829593E00661F63 /* Swift */ = {isa = PBXFileReference; explicitFileType = "compiled.mach-o.executable"; includeInIndex = 0; path = Swift; sourceTree = BUILT_PRODUCTS_DIR; };
		261BD6D22829593E00661F63 /* main.swift */ = {isa = PBXFileReference; lastKnownFileType = sourcecode.swift; path = main.swift; sourceTree = "<group>"; };
		261BD6DC282962CC00661F63 /* main.swift */ = {isa = PBXFileReference; lastKnownFileType = sourcecode.swift; path = main.swift; sourceTree = "<group>"; };
		261BD6DF2829684C00661F63 /* main.swift */ = {isa = PBXFileReference; lastKnownFileType = sourcecode.swift; path = main.swift; sourceTree = "<group>"; };
		261BD6E2282968C200661F63 /* main.swift */ = {isa = PBXFileReference; lastKnownFileType = sourcecode.swift; path = main.swift; sourceTree = "<group>"; };
		261BD6E928296AD300661F63 /* main.swift */ = {isa = PBXFileReference; lastKnownFileType = sourcecode.swift; path = main.swift; sourceTree = "<group>"; };
		261BD6EC28296CF700661F63 /* main.swift */ = {isa = PBXFileReference; lastKnownFileType = sourcecode.swift; path = main.swift; sourceTree = "<group>"; };
		261BD6EF28296D5A00661F63 /* main.swift */ = {isa = PBXFileReference; lastKnownFileType = sourcecode.swift; path = main.swift; sourceTree = "<group>"; };
		261BD6F428296E6500661F63 /* main.swift */ = {isa = PBXFileReference; lastKnownFileType = sourcecode.swift; path = main.swift; sourceTree = "<group>"; };
		261BD6F728296F6E00661F63 /* main.swift */ = {isa = PBXFileReference; lastKnownFileType = sourcecode.swift; path = main.swift; sourceTree = "<group>"; };
		26268D59282ABF5500C69A38 /* main.swift */ = {isa = PBXFileReference; lastKnownFileType = sourcecode.swift; path = main.swift; sourceTree = "<group>"; };
		26268D5D282BC94900C69A38 /* main.swift */ = {isa = PBXFileReference; lastKnownFileType = sourcecode.swift; path = main.swift; sourceTree = "<group>"; };
		26268D60282BCAEB00C69A38 /* main.swift */ = {isa = PBXFileReference; lastKnownFileType = sourcecode.swift; path = main.swift; sourceTree = "<group>"; };
		26268D63282BD4BE00C69A38 /* main.swift */ = {isa = PBXFileReference; lastKnownFileType = sourcecode.swift; path = main.swift; sourceTree = "<group>"; };
		26268D66282BDBB600C69A38 /* main.swift */ = {isa = PBXFileReference; lastKnownFileType = sourcecode.swift; path = main.swift; sourceTree = "<group>"; };
		26268D69282BDDAB00C69A38 /* main.swift */ = {isa = PBXFileReference; lastKnownFileType = sourcecode.swift; path = main.swift; sourceTree = "<group>"; };
		26268D6C282BE2C600C69A38 /* main.swift */ = {isa = PBXFileReference; lastKnownFileType = sourcecode.swift; path = main.swift; sourceTree = "<group>"; };
		26268D6F282D2D6000C69A38 /* main.swift */ = {isa = PBXFileReference; lastKnownFileType = sourcecode.swift; path = main.swift; sourceTree = "<group>"; };
		26268D72282D312B00C69A38 /* main.swift */ = {isa = PBXFileReference; lastKnownFileType = sourcecode.swift; path = main.swift; sourceTree = "<group>"; };
/* End PBXFileReference section */

/* Begin PBXFrameworksBuildPhase section */
		261BD6CC2829593E00661F63 /* Frameworks */ = {
			isa = PBXFrameworksBuildPhase;
			buildActionMask = 2147483647;
			files = (
			);
			runOnlyForDeploymentPostprocessing = 0;
		};
/* End PBXFrameworksBuildPhase section */

/* Begin PBXGroup section */
		261BD6C62829593E00661F63 = {
			isa = PBXGroup;
			children = (
				261BD6D12829593E00661F63 /* Swift */,
				261BD6D02829593E00661F63 /* Products */,
			);
			sourceTree = "<group>";
		};
		261BD6D02829593E00661F63 /* Products */ = {
			isa = PBXGroup;
			children = (
				261BD6CF2829593E00661F63 /* Swift */,
			);
			name = Products;
			sourceTree = "<group>";
		};
		261BD6D12829593E00661F63 /* Swift */ = {
			isa = PBXGroup;
			children = (
				261BD6D92829595500661F63 /* BOJ */,
			);
			path = Swift;
			sourceTree = "<group>";
		};
		261BD6D92829595500661F63 /* BOJ */ = {
			isa = PBXGroup;
			children = (
				26268D71282D312100C69A38 /* 2884 */,
				26268D6E282D2D5400C69A38 /* 14681 */,
				26268D6B282BE2B700C69A38 /* 2753 */,
				26268D68282BDDA300C69A38 /* 9498 */,
				26268D65282BDBA700C69A38 /* 1330 */,
				26268D62282BD4AC00C69A38 /* 2588 */,
				26268D5F282BCAD600C69A38 /* 10430 */,
				26268D5C282BC93D00C69A38 /* 18108 */,
				26268D58282ABF3E00C69A38 /* 10926 */,
				261BD6F628296F6100661F63 /* 10869 */,
				261BD6F328296E5500661F63 /* 1008 */,
				261BD6EE28296D5000661F63 /* 10998 */,
				261BD6EB28296CEB00661F63 /* 25083 */,
				261BD6E828296ABE00661F63 /* 10171 */,
				261BD6E1282968B500661F63 /* 10718 */,
				261BD6DE2829684000661F63 /* 2557 */,
				261BD6DB282962B400661F63 /* 1001 */,
				261BD6DA2829596900661F63 /* 1000 */,
			);
			path = BOJ;
			sourceTree = "<group>";
		};
		261BD6DA2829596900661F63 /* 1000 */ = {
			isa = PBXGroup;
			children = (
				261BD6D22829593E00661F63 /* main.swift */,
			);
			path = 1000;
			sourceTree = "<group>";
		};
		261BD6DB282962B400661F63 /* 1001 */ = {
			isa = PBXGroup;
			children = (
				261BD6DC282962CC00661F63 /* main.swift */,
			);
			path = 1001;
			sourceTree = "<group>";
		};
		261BD6DE2829684000661F63 /* 2557 */ = {
			isa = PBXGroup;
			children = (
				261BD6DF2829684C00661F63 /* main.swift */,
			);
			path = 2557;
			sourceTree = "<group>";
		};
		261BD6E1282968B500661F63 /* 10718 */ = {
			isa = PBXGroup;
			children = (
				261BD6E2282968C200661F63 /* main.swift */,
			);
			path = 10718;
			sourceTree = "<group>";
		};
		261BD6E828296ABE00661F63 /* 10171 */ = {
			isa = PBXGroup;
			children = (
				261BD6E928296AD300661F63 /* main.swift */,
			);
			path = 10171;
			sourceTree = "<group>";
		};
		261BD6EB28296CEB00661F63 /* 25083 */ = {
			isa = PBXGroup;
			children = (
				261BD6EC28296CF700661F63 /* main.swift */,
			);
			path = 25083;
			sourceTree = "<group>";
		};
		261BD6EE28296D5000661F63 /* 10998 */ = {
			isa = PBXGroup;
			children = (
				261BD6EF28296D5A00661F63 /* main.swift */,
			);
			path = 10998;
			sourceTree = "<group>";
		};
		261BD6F328296E5500661F63 /* 1008 */ = {
			isa = PBXGroup;
			children = (
				261BD6F428296E6500661F63 /* main.swift */,
			);
			path = 1008;
			sourceTree = "<group>";
		};
		261BD6F628296F6100661F63 /* 10869 */ = {
			isa = PBXGroup;
			children = (
				261BD6F728296F6E00661F63 /* main.swift */,
			);
			path = 10869;
			sourceTree = "<group>";
		};
		26268D58282ABF3E00C69A38 /* 10926 */ = {
			isa = PBXGroup;
			children = (
				26268D59282ABF5500C69A38 /* main.swift */,
			);
			path = 10926;
			sourceTree = "<group>";
		};
		26268D5C282BC93D00C69A38 /* 18108 */ = {
			isa = PBXGroup;
			children = (
				26268D5D282BC94900C69A38 /* main.swift */,
			);
			path = 18108;
			sourceTree = "<group>";
		};
		26268D5F282BCAD600C69A38 /* 10430 */ = {
			isa = PBXGroup;
			children = (
				26268D60282BCAEB00C69A38 /* main.swift */,
			);
			path = 10430;
			sourceTree = "<group>";
		};
		26268D62282BD4AC00C69A38 /* 2588 */ = {
			isa = PBXGroup;
			children = (
				26268D63282BD4BE00C69A38 /* main.swift */,
			);
			path = 2588;
			sourceTree = "<group>";
		};
		26268D65282BDBA700C69A38 /* 1330 */ = {
			isa = PBXGroup;
			children = (
				26268D66282BDBB600C69A38 /* main.swift */,
			);
			path = 1330;
			sourceTree = "<group>";
		};
		26268D68282BDDA300C69A38 /* 9498 */ = {
			isa = PBXGroup;
			children = (
				26268D69282BDDAB00C69A38 /* main.swift */,
			);
			path = 9498;
			sourceTree = "<group>";
		};
		26268D6B282BE2B700C69A38 /* 2753 */ = {
			isa = PBXGroup;
			children = (
				26268D6C282BE2C600C69A38 /* main.swift */,
			);
			path = 2753;
			sourceTree = "<group>";
		};
		26268D6E282D2D5400C69A38 /* 14681 */ = {
			isa = PBXGroup;
			children = (
				26268D6F282D2D6000C69A38 /* main.swift */,
			);
			path = 14681;
			sourceTree = "<group>";
		};
		26268D71282D312100C69A38 /* 2884 */ = {
			isa = PBXGroup;
			children = (
				26268D72282D312B00C69A38 /* main.swift */,
			);
			path = 2884;
			sourceTree = "<group>";
		};
/* End PBXGroup section */

/* Begin PBXNativeTarget section */
		261BD6CE2829593E00661F63 /* Swift */ = {
			isa = PBXNativeTarget;
			buildConfigurationList = 261BD6D62829593E00661F63 /* Build configuration list for PBXNativeTarget "Swift" */;
			buildPhases = (
				261BD6CB2829593E00661F63 /* Sources */,
				261BD6CC2829593E00661F63 /* Frameworks */,
				261BD6CD2829593E00661F63 /* CopyFiles */,
			);
			buildRules = (
			);
			dependencies = (
			);
			name = Swift;
			productName = Swift;
			productReference = 261BD6CF2829593E00661F63 /* Swift */;
			productType = "com.apple.product-type.tool";
		};
/* End PBXNativeTarget section */

/* Begin PBXProject section */
		261BD6C72829593E00661F63 /* Project object */ = {
			isa = PBXProject;
			attributes = {
				BuildIndependentTargetsInParallel = 1;
				LastSwiftUpdateCheck = 1330;
				LastUpgradeCheck = 1330;
				TargetAttributes = {
					261BD6CE2829593E00661F63 = {
						CreatedOnToolsVersion = 13.3.1;
						LastSwiftMigration = 1330;
					};
				};
			};
			buildConfigurationList = 261BD6CA2829593E00661F63 /* Build configuration list for PBXProject "Swift" */;
			compatibilityVersion = "Xcode 13.0";
			developmentRegion = en;
			hasScannedForEncodings = 0;
			knownRegions = (
				en,
				Base,
			);
			mainGroup = 261BD6C62829593E00661F63;
			productRefGroup = 261BD6D02829593E00661F63 /* Products */;
			projectDirPath = "";
			projectRoot = "";
			targets = (
				261BD6CE2829593E00661F63 /* Swift */,
			);
		};
/* End PBXProject section */

/* Begin PBXSourcesBuildPhase section */
		261BD6CB2829593E00661F63 /* Sources */ = {
			isa = PBXSourcesBuildPhase;
			buildActionMask = 2147483647;
			files = (
				26268D73282D312B00C69A38 /* main.swift in Sources */,
			);
			runOnlyForDeploymentPostprocessing = 0;
		};
/* End PBXSourcesBuildPhase section */

/* Begin XCBuildConfiguration section */
		261BD6D42829593E00661F63 /* Debug */ = {
			isa = XCBuildConfiguration;
			buildSettings = {
				ALWAYS_SEARCH_USER_PATHS = NO;
				CLANG_ANALYZER_NONNULL = YES;
				CLANG_ANALYZER_NUMBER_OBJECT_CONVERSION = YES_AGGRESSIVE;
				CLANG_CXX_LANGUAGE_STANDARD = "gnu++17";
				CLANG_ENABLE_MODULES = YES;
				CLANG_ENABLE_OBJC_ARC = YES;
				CLANG_ENABLE_OBJC_WEAK = YES;
				CLANG_WARN_BLOCK_CAPTURE_AUTORELEASING = YES;
				CLANG_WARN_BOOL_CONVERSION = YES;
				CLANG_WARN_COMMA = YES;
				CLANG_WARN_CONSTANT_CONVERSION = YES;
				CLANG_WARN_DEPRECATED_OBJC_IMPLEMENTATIONS = YES;
				CLANG_WARN_DIRECT_OBJC_ISA_USAGE = YES_ERROR;
				CLANG_WARN_DOCUMENTATION_COMMENTS = YES;
				CLANG_WARN_EMPTY_BODY = YES;
				CLANG_WARN_ENUM_CONVERSION = YES;
				CLANG_WARN_INFINITE_RECURSION = YES;
				CLANG_WARN_INT_CONVERSION = YES;
				CLANG_WARN_NON_LITERAL_NULL_CONVERSION = YES;
				CLANG_WARN_OBJC_IMPLICIT_RETAIN_SELF = YES;
				CLANG_WARN_OBJC_LITERAL_CONVERSION = YES;
				CLANG_WARN_OBJC_ROOT_CLASS = YES_ERROR;
				CLANG_WARN_QUOTED_INCLUDE_IN_FRAMEWORK_HEADER = YES;
				CLANG_WARN_RANGE_LOOP_ANALYSIS = YES;
				CLANG_WARN_STRICT_PROTOTYPES = YES;
				CLANG_WARN_SUSPICIOUS_MOVE = YES;
				CLANG_WARN_UNGUARDED_AVAILABILITY = YES_AGGRESSIVE;
				CLANG_WARN_UNREACHABLE_CODE = YES;
				CLANG_WARN__DUPLICATE_METHOD_MATCH = YES;
				COPY_PHASE_STRIP = NO;
				DEBUG_INFORMATION_FORMAT = dwarf;
				ENABLE_STRICT_OBJC_MSGSEND = YES;
				ENABLE_TESTABILITY = YES;
				GCC_C_LANGUAGE_STANDARD = gnu11;
				GCC_DYNAMIC_NO_PIC = NO;
				GCC_NO_COMMON_BLOCKS = YES;
				GCC_OPTIMIZATION_LEVEL = 0;
				GCC_PREPROCESSOR_DEFINITIONS = (
					"DEBUG=1",
					"$(inherited)",
				);
				GCC_WARN_64_TO_32_BIT_CONVERSION = YES;
				GCC_WARN_ABOUT_RETURN_TYPE = YES_ERROR;
				GCC_WARN_UNDECLARED_SELECTOR = YES;
				GCC_WARN_UNINITIALIZED_AUTOS = YES_AGGRESSIVE;
				GCC_WARN_UNUSED_FUNCTION = YES;
				GCC_WARN_UNUSED_VARIABLE = YES;
				MACOSX_DEPLOYMENT_TARGET = 12.3;
				MTL_ENABLE_DEBUG_INFO = INCLUDE_SOURCE;
				MTL_FAST_MATH = YES;
				ONLY_ACTIVE_ARCH = YES;
				SDKROOT = macosx;
				SWIFT_ACTIVE_COMPILATION_CONDITIONS = DEBUG;
				SWIFT_OPTIMIZATION_LEVEL = "-Onone";
			};
			name = Debug;
		};
		261BD6D52829593E00661F63 /* Release */ = {
			isa = XCBuildConfiguration;
			buildSettings = {
				ALWAYS_SEARCH_USER_PATHS = NO;
				CLANG_ANALYZER_NONNULL = YES;
				CLANG_ANALYZER_NUMBER_OBJECT_CONVERSION = YES_AGGRESSIVE;
				CLANG_CXX_LANGUAGE_STANDARD = "gnu++17";
				CLANG_ENABLE_MODULES = YES;
				CLANG_ENABLE_OBJC_ARC = YES;
				CLANG_ENABLE_OBJC_WEAK = YES;
				CLANG_WARN_BLOCK_CAPTURE_AUTORELEASING = YES;
				CLANG_WARN_BOOL_CONVERSION = YES;
				CLANG_WARN_COMMA = YES;
				CLANG_WARN_CONSTANT_CONVERSION = YES;
				CLANG_WARN_DEPRECATED_OBJC_IMPLEMENTATIONS = YES;
				CLANG_WARN_DIRECT_OBJC_ISA_USAGE = YES_ERROR;
				CLANG_WARN_DOCUMENTATION_COMMENTS = YES;
				CLANG_WARN_EMPTY_BODY = YES;
				CLANG_WARN_ENUM_CONVERSION = YES;
				CLANG_WARN_INFINITE_RECURSION = YES;
				CLANG_WARN_INT_CONVERSION = YES;
				CLANG_WARN_NON_LITERAL_NULL_CONVERSION = YES;
				CLANG_WARN_OBJC_IMPLICIT_RETAIN_SELF = YES;
				CLANG_WARN_OBJC_LITERAL_CONVERSION = YES;
				CLANG_WARN_OBJC_ROOT_CLASS = YES_ERROR;
				CLANG_WARN_QUOTED_INCLUDE_IN_FRAMEWORK_HEADER = YES;
				CLANG_WARN_RANGE_LOOP_ANALYSIS = YES;
				CLANG_WARN_STRICT_PROTOTYPES = YES;
				CLANG_WARN_SUSPICIOUS_MOVE = YES;
				CLANG_WARN_UNGUARDED_AVAILABILITY = YES_AGGRESSIVE;
				CLANG_WARN_UNREACHABLE_CODE = YES;
				CLANG_WARN__DUPLICATE_METHOD_MATCH = YES;
				COPY_PHASE_STRIP = NO;
				DEBUG_INFORMATION_FORMAT = "dwarf-with-dsym";
				ENABLE_NS_ASSERTIONS = NO;
				ENABLE_STRICT_OBJC_MSGSEND = YES;
				GCC_C_LANGUAGE_STANDARD = gnu11;
				GCC_NO_COMMON_BLOCKS = YES;
				GCC_WARN_64_TO_32_BIT_CONVERSION = YES;
				GCC_WARN_ABOUT_RETURN_TYPE = YES_ERROR;
				GCC_WARN_UNDECLARED_SELECTOR = YES;
				GCC_WARN_UNINITIALIZED_AUTOS = YES_AGGRESSIVE;
				GCC_WARN_UNUSED_FUNCTION = YES;
				GCC_WARN_UNUSED_VARIABLE = YES;
				MACOSX_DEPLOYMENT_TARGET = 12.3;
				MTL_ENABLE_DEBUG_INFO = NO;
				MTL_FAST_MATH = YES;
				SDKROOT = macosx;
				SWIFT_COMPILATION_MODE = wholemodule;
				SWIFT_OPTIMIZATION_LEVEL = "-O";
			};
			name = Release;
		};
		261BD6D72829593E00661F63 /* Debug */ = {
			isa = XCBuildConfiguration;
			buildSettings = {
				CLANG_ENABLE_MODULES = YES;
				CODE_SIGN_STYLE = Automatic;
				LD_RUNPATH_SEARCH_PATHS = (
					"$(inherited)",
					"@executable_path/../Frameworks",
					"@loader_path/../Frameworks",
				);
				PRODUCT_NAME = "$(TARGET_NAME)";
				SWIFT_OPTIMIZATION_LEVEL = "-Onone";
				SWIFT_VERSION = 5.0;
			};
			name = Debug;
		};
		261BD6D82829593E00661F63 /* Release */ = {
			isa = XCBuildConfiguration;
			buildSettings = {
				CLANG_ENABLE_MODULES = YES;
				CODE_SIGN_STYLE = Automatic;
				LD_RUNPATH_SEARCH_PATHS = (
					"$(inherited)",
					"@executable_path/../Frameworks",
					"@loader_path/../Frameworks",
				);
				PRODUCT_NAME = "$(TARGET_NAME)";
				SWIFT_VERSION = 5.0;
			};
			name = Release;
		};
/* End XCBuildConfiguration section */

/* Begin XCConfigurationList section */
		261BD6CA2829593E00661F63 /* Build configuration list for PBXProject "Swift" */ = {
			isa = XCConfigurationList;
			buildConfigurations = (
				261BD6D42829593E00661F63 /* Debug */,
				261BD6D52829593E00661F63 /* Release */,
			);
			defaultConfigurationIsVisible = 0;
			defaultConfigurationName = Release;
		};
		261BD6D62829593E00661F63 /* Build configuration list for PBXNativeTarget "Swift" */ = {
			isa = XCConfigurationList;
			buildConfigurations = (
				261BD6D72829593E00661F63 /* Debug */,
				261BD6D82829593E00661F63 /* Release */,
			);
			defaultConfigurationIsVisible = 0;
			defaultConfigurationName = Release;
		};
/* End XCConfigurationList section */
	};
	rootObject = 261BD6C72829593E00661F63 /* Project object */;
}
